{
  "name": "__PLUGIN_NAME__",
  "version": "0.1.0",
  "lockfileVersion": 3,
  "requires": true,
  "packages": {
    "": {
      "name": "__PLUGIN_NAME__",
      "version": "0.1.0",
      "dependencies": {
        "@ps-maker/plugin-api": "^0.0.3"
      }
    },
    "node_modules/@ps-maker/plugin-api": {
      "version": "0.0.3",
      "resolved": "https://registry.npmjs.org/@ps-maker/plugin-api/-/plugin-api-0.0.3.tgz",
      "integrity": "sha512-XjnuaLCreBkgcMB34rliNNmp0t5um7FTLD3RYCZYTSheo20ZrbCiuclYuPT2dGo/O2qTTjJM9BUX5yPWpvM1Ag==",
      "license": "MIT"
    }
  }
}
